
Microsoft Visual Studio Solution File, Format Version 12.00
# Visual Studio Version 16
VisualStudioVersion = 16.0.31515.178
MinimumVisualStudioVersion = 10.0.40219.1
Project("{FAE04EC0-301F-11D3-BF4B-00C04F79EFBC}") = "ApiToPublishCICD", "ApiToPublishCICD\ApiToPublishCICD.csproj", "{A72CAA5F-C57D-4682-8364-78A96E287EAE}"
EndProject
Global
	GlobalSection(SolutionConfigurationPlatforms) = preSolution
		Debug|Any CPU = Debug|Any CPU
		Release|Any CPU = Release|Any CPU
	EndGlobalSection
	GlobalSection(ProjectConfigurationPlatforms) = postSolution
		{A72CAA5F-C57D-4682-8364-78A96E287EAE}.Debug|Any CPU.ActiveCfg = Debug|Any CPU
		{A72CAA5F-C57D-4682-8364-78A96E287EAE}.Debug|Any CPU.Build.0 = Debug|Any CPU
		{A72CAA5F-C57D-4682-8364-78A96E287EAE}.Release|Any CPU.ActiveCfg = Release|Any CPU
		{A72CAA5F-C57D-4682-8364-78A96E287EAE}.Release|Any CPU.Build.0 = Release|Any CPU
	EndGlobalSection
	GlobalSection(SolutionProperties) = preSolution
		HideSolutionNode = FALSE
	EndGlobalSection
	GlobalSection(ExtensibilityGlobals) = postSolution
		SolutionGuid = {7D84C10E-B528-42CA-891A-A1B43958444B}
	EndGlobalSection
EndGlobal
